
Microsoft Visual Studio Solution File, Format Version 12.00
# Visual Studio Version 16
VisualStudioVersion = 16.0.29709.97
MinimumVisualStudioVersion = 10.0.40219.1
Project("{FAE04EC0-301F-11D3-BF4B-00C04F79EFBC}") = "Тестирование", "Тестирование\Тестирование.csproj", "{384963F3-9C1D-4385-BE36-8C5D905454D5}"
EndProject
Global
	GlobalSection(SolutionConfigurationPlatforms) = preSolution
		Debug|Any CPU = Debug|Any CPU
		Release|Any CPU = Release|Any CPU
	EndGlobalSection
	GlobalSection(ProjectConfigurationPlatforms) = postSolution
		{384963F3-9C1D-4385-BE36-8C5D905454D5}.Debug|Any CPU.ActiveCfg = Debug|Any CPU
		{384963F3-9C1D-4385-BE36-8C5D905454D5}.Debug|Any CPU.Build.0 = Debug|Any CPU
		{384963F3-9C1D-4385-BE36-8C5D905454D5}.Release|Any CPU.ActiveCfg = Release|Any CPU
		{384963F3-9C1D-4385-BE36-8C5D905454D5}.Release|Any CPU.Build.0 = Release|Any CPU
	EndGlobalSection
	GlobalSection(SolutionProperties) = preSolution
		HideSolutionNode = FALSE
	EndGlobalSection
	GlobalSection(ExtensibilityGlobals) = postSolution
		SolutionGuid = {C28A0E08-5AB8-4349-8451-32287CA1E8FA}
	EndGlobalSection
EndGlobal
